PODS:
  - Alamofire (4.7.3)
  - CrossroadRegex (1.1.0)
  - FlexibleImage (1.10)
  - SwiftHEXColors (1.1.2)
  - SwiftyJSON (4.2.0)
  - SWXMLHash (4.7.4)

DEPENDENCIES:
  - Alamofire
  - CrossroadRegex
  - FlexibleImage (~> 1.9)
  - SwiftHEXColors
  - SwiftyJSON
  - SWXMLHash (~> 4.7.0)

SPEC REPOS:
  https://github.com/cocoapods/specs.git:
    - Alamofire
    - CrossroadRegex
    - FlexibleImage
    - SwiftHEXColors
    - SwiftyJSON
    - SWXMLHash

SPEC CHECKSUMS:
  Alamofire: c7287b6e5d7da964a70935e5db17046b7fde6568
  CrossroadRegex: 5eaadb3f7b4014728f1cbd1014756b126c1dbd9a
  FlexibleImage: 22bf26c42f1b6299b94bc5001e6ec310c94e6786
  SwiftHEXColors: 7f9f7e6bdce888d821e11749279733e5ddff5f51
  SwiftyJSON: c4bcba26dd9ec7a027fc8eade48e2c911f229e96
  SWXMLHash: b35739a5cfd915c3b482977aa720d6708e260a90

PODFILE CHECKSUM: b8bab96dafc5329967676f7b21681095782656b7

COCOAPODS: 1.6.1
