PODS:
  - Alamofire (4.9.1)
  - FlexibleImage (1.10)
  - Localize-Swift (2.0.0)
  - SwiftHEXColors (1.3.1)
  - SwiftyJSON (5.0.0)

DEPENDENCIES:
  - Alamofire
  - FlexibleImage
  - Localize-Swift (~> 2.0)
  - SwiftHEXColors
  - SwiftyJSON

SPEC REPOS:
  trunk:
    - Alamofire
    - FlexibleImage
    - Localize-Swift
    - SwiftHEXColors
    - SwiftyJSON

SPEC CHECKSUMS:
  Alamofire: 85e8a02c69d6020a0d734f6054870d7ecb75cf18
  FlexibleImage: 22bf26c42f1b6299b94bc5001e6ec310c94e6786
  Localize-Swift: c798ec9286494866f7068f85f7c71283ac5bdab4
  SwiftHEXColors: 7cc78ce189ddaff81f2ec1259b6b1dffdcda7643
  SwiftyJSON: 36413e04c44ee145039d332b4f4e2d3e8d6c4db7

PODFILE CHECKSUM: d3c72ef7129f7c38379de69e37bff40c76cf79d8

COCOAPODS: 1.8.4
