// !$*UTF8*$!
{
	archiveVersion = 1;
	classes = {
	};
	objectVersion = 51;
	objects = {

/* Begin PBXBuildFile section */
		8A14C2432298016400536405 /* getTimeStamp.swift in Sources */ = {isa = PBXBuildFile; fileRef = 8A14C2422298016400536405 /* getTimeStamp.swift */; };
		8A24BDCF22828247001C7A8F /* DataInit.swift in Sources */ = {isa = PBXBuildFile; fileRef = 8A24BDCE22828247001C7A8F /* DataInit.swift */; };
		8A404749228C541200D3B5E9 /* MapAnnotation.swift in Sources */ = {isa = PBXBuildFile; fileRef = 8A404748228C541200D3B5E9 /* MapAnnotation.swift */; };
		8A40474B228CFA4B00D3B5E9 /* StationTimeTableInit.swift in Sources */ = {isa = PBXBuildFile; fileRef = 8A40474A228CFA4B00D3B5E9 /* StationTimeTableInit.swift */; };
		8A40474D228CFAB500D3B5E9 /* TimeTable.swift in Sources */ = {isa = PBXBuildFile; fileRef = 8A40474C228CFAB500D3B5E9 /* TimeTable.swift */; };
		8A49F6C72293D76300749356 /* EnglishStationNameManager.swift in Sources */ = {isa = PBXBuildFile; fileRef = 8A49F6C62293D76300749356 /* EnglishStationNameManager.swift */; };
		8A49F6C92293DFA500749356 /* GlobalInitializer.swift in Sources */ = {isa = PBXBuildFile; fileRef = 8A49F6C82293DFA500749356 /* GlobalInitializer.swift */; };
		8A49F6CB2293EC1600749356 /* GetLineTextColor.swift in Sources */ = {isa = PBXBuildFile; fileRef = 8A49F6CA2293EC1600749356 /* GetLineTextColor.swift */; };
		8A49F6CD2293EEDB00749356 /* GetMinorIconText.swift in Sources */ = {isa = PBXBuildFile; fileRef = 8A49F6CC2293EEDB00749356 /* GetMinorIconText.swift */; };
		8A565AF6228C01B8004F417F /* Icons in Resources */ = {isa = PBXBuildFile; fileRef = 8A565AF5228C01B8004F417F /* Icons */; };
		8A7952432282780B007DD187 /* AppDelegate.swift in Sources */ = {isa = PBXBuildFile; fileRef = 8A7952422282780B007DD187 /* AppDelegate.swift */; };
		8A7952452282780B007DD187 /* MainViewController.swift in Sources */ = {isa = PBXBuildFile; fileRef = 8A7952442282780B007DD187 /* MainViewController.swift */; };
		8A79524722827810007DD187 /* Assets.xcassets in Resources */ = {isa = PBXBuildFile; fileRef = 8A79524622827810007DD187 /* Assets.xcassets */; };
		8A79524A22827810007DD187 /* Main.storyboard in Resources */ = {isa = PBXBuildFile; fileRef = 8A79524822827810007DD187 /* Main.storyboard */; };
		8A795254228279C9007DD187 /* Line.swift in Sources */ = {isa = PBXBuildFile; fileRef = 8A795253228279C9007DD187 /* Line.swift */; };
		8A79525622827ACF007DD187 /* Station.swift in Sources */ = {isa = PBXBuildFile; fileRef = 8A79525522827ACF007DD187 /* Station.swift */; };
		8A79525922827C99007DD187 /* LineNameGenerator.swift in Sources */ = {isa = PBXBuildFile; fileRef = 8A79525822827C99007DD187 /* LineNameGenerator.swift */; };
		8A79526022827FBE007DD187 /* SuperManager.swift in Sources */ = {isa = PBXBuildFile; fileRef = 8A79525F22827FBE007DD187 /* SuperManager.swift */; };
		8A79D3F6228BA8CF00AE59E7 /* Constants.swift in Sources */ = {isa = PBXBuildFile; fileRef = 8A79D3F5228BA8CF00AE59E7 /* Constants.swift */; };
		8A79D3F9228BAA0600AE59E7 /* DrawIcon.swift in Sources */ = {isa = PBXBuildFile; fileRef = 8A79D3F8228BAA0600AE59E7 /* DrawIcon.swift */; };
		8A79D3FB228BAB2100AE59E7 /* BorderColorGenerator.swift in Sources */ = {isa = PBXBuildFile; fileRef = 8A79D3FA228BAB2100AE59E7 /* BorderColorGenerator.swift */; };
		8A79D3FD228BC03300AE59E7 /* StationDataInit.swift in Sources */ = {isa = PBXBuildFile; fileRef = 8A79D3FC228BC03300AE59E7 /* StationDataInit.swift */; };
		8A830895228C0A6D003AD1BE /* RawStationDataInit.swift in Sources */ = {isa = PBXBuildFile; fileRef = 8A830894228C0A6D003AD1BE /* RawStationDataInit.swift */; };
		8A830897228C0A7E003AD1BE /* Uri.swift in Sources */ = {isa = PBXBuildFile; fileRef = 8A830896228C0A7E003AD1BE /* Uri.swift */; };
		8A964D6B2283C3C400786F65 /* Api.swift in Sources */ = {isa = PBXBuildFile; fileRef = 8A964D6A2283C3C400786F65 /* Api.swift */; };
		8A9E25582294DB7C001246A3 /* Localizer.swift in Sources */ = {isa = PBXBuildFile; fileRef = 8A9E25572294DB7C001246A3 /* Localizer.swift */; };
		8A9E255B2294DC4B001246A3 /* LocalizationRefreshDelegate.swift in Sources */ = {isa = PBXBuildFile; fileRef = 8A9E255A2294DC4B001246A3 /* LocalizationRefreshDelegate.swift */; };
		8A9E255D2294E683001246A3 /* MenuWithSeparator.swift in Sources */ = {isa = PBXBuildFile; fileRef = 8A9E255C2294E683001246A3 /* MenuWithSeparator.swift */; };
		8ABBF417228B078E00FEF3EF /* NSColorParser.m in Sources */ = {isa = PBXBuildFile; fileRef = 8ABBF416228B078E00FEF3EF /* NSColorParser.m */; };
		8ABFDD1A22943E8C00C9F12C /* UILanguageInit.swift in Sources */ = {isa = PBXBuildFile; fileRef = 8ABFDD1922943E8C00C9F12C /* UILanguageInit.swift */; };
		8AC70CFE22941224008CC02B /* PreferencesViewController.swift in Sources */ = {isa = PBXBuildFile; fileRef = 8AC70CFD22941224008CC02B /* PreferencesViewController.swift */; };
		8AC70D0022941323008CC02B /* MainWindowController.swift in Sources */ = {isa = PBXBuildFile; fileRef = 8AC70CFF22941323008CC02B /* MainWindowController.swift */; };
		8AC70D0322941CF2008CC02B /* UDManager.swift in Sources */ = {isa = PBXBuildFile; fileRef = 8AC70D0222941CF2008CC02B /* UDManager.swift */; };
		8AC70D072294246B008CC02B /* LocalizationUtil.swift in Sources */ = {isa = PBXBuildFile; fileRef = 8AC70D062294246B008CC02B /* LocalizationUtil.swift */; };
		8AC85C6B2283DA5600F9C6B7 /* Alamofire.framework in Frameworks */ = {isa = PBXBuildFile; fileRef = 8AC85C6A2283DA5600F9C6B7 /* Alamofire.framework */; };
		8AC85C6F2283DA5D00F9C6B7 /* SwiftyJSON.framework in Frameworks */ = {isa = PBXBuildFile; fileRef = 8AC85C6E2283DA5D00F9C6B7 /* SwiftyJSON.framework */; };
		8AD18DBA2296389800944D89 /* OperationStatusManager.swift in Sources */ = {isa = PBXBuildFile; fileRef = 8AD18DB92296389800944D89 /* OperationStatusManager.swift */; };
		8AD18DBC2296393A00944D89 /* Status.swift in Sources */ = {isa = PBXBuildFile; fileRef = 8AD18DBB2296393A00944D89 /* Status.swift */; };
		8AE1B328228D320E00AF9D0F /* JZLocationConverter.swift in Sources */ = {isa = PBXBuildFile; fileRef = 8AE1B327228D320E00AF9D0F /* JZLocationConverter.swift */; };
		8AE1B32A228D323400AF9D0F /* JZAreaManager.swift in Sources */ = {isa = PBXBuildFile; fileRef = 8AE1B329228D323400AF9D0F /* JZAreaManager.swift */; };
		8AE695C822926B3E001F9944 /* offline-data in CopyFiles */ = {isa = PBXBuildFile; fileRef = 8AE695C722926B3E001F9944 /* offline-data */; };
		8AE695CB2292715A001F9944 /* OfflineStationManager.swift in Sources */ = {isa = PBXBuildFile; fileRef = 8AE695CA2292715A001F9944 /* OfflineStationManager.swift */; };
		8AE695CD2292884E001F9944 /* TimeTableManager.swift in Sources */ = {isa = PBXBuildFile; fileRef = 8AE695CC2292884E001F9944 /* TimeTableManager.swift */; };
		8AE6FEF0228C189000EFB94C /* SimpleStation.swift in Sources */ = {isa = PBXBuildFile; fileRef = 8AE6FEEF228C189000EFB94C /* SimpleStation.swift */; };
		8AE6FEF3228C389E00EFB94C /* StationDetailViewController.swift in Sources */ = {isa = PBXBuildFile; fileRef = 8AE6FEF2228C389E00EFB94C /* StationDetailViewController.swift */; };
		8AF09692228D34E800E9441A /* GCJ02.json in CopyFiles */ = {isa = PBXBuildFile; fileRef = 8AE1B32D228D341900AF9D0F /* GCJ02.json */; };
		8AFF38C8228B0CDB001322AF /* SpriteGenerator.swift in Sources */ = {isa = PBXBuildFile; fileRef = 8AFF38C7228B0CDB001322AF /* SpriteGenerator.swift */; };
		CD07B4FF1FD1EE3E1B60F046 /* Pods_metro_gallery.framework in Frameworks */ = {isa = PBXBuildFile; fileRef = 4DE3BE8C226CBFFE213793D7 /* Pods_metro_gallery.framework */; };
/* End PBXBuildFile section */

/* Begin PBXCopyFilesBuildPhase section */
		8AF09691228D34DD00E9441A /* CopyFiles */ = {
			isa = PBXCopyFilesBuildPhase;
			buildActionMask = 2147483647;
			dstPath = "";
			dstSubfolderSpec = 7;
			files = (
				8AE695C822926B3E001F9944 /* offline-data in CopyFiles */,
				8AF09692228D34E800E9441A /* GCJ02.json in CopyFiles */,
			);
			runOnlyForDeploymentPostprocessing = 0;
		};
/* End PBXCopyFilesBuildPhase section */

/* Begin PBXFileReference section */
		2302E89BEC5E6CCFB82E65C1 /* Pods-metro-gallery.debug.xcconfig */ = {isa = PBXFileReference; includeInIndex = 1; lastKnownFileType = text.xcconfig; name = "Pods-metro-gallery.debug.xcconfig"; path = "Target Support Files/Pods-metro-gallery/Pods-metro-gallery.debug.xcconfig"; sourceTree = "<group>"; };
		4DE3BE8C226CBFFE213793D7 /* Pods_metro_gallery.framework */ = {isa = PBXFileReference; explicitFileType = wrapper.framework; includeInIndex = 0; path = Pods_metro_gallery.framework; sourceTree = BUILT_PRODUCTS_DIR; };
		8A14C2422298016400536405 /* getTimeStamp.swift */ = {isa = PBXFileReference; lastKnownFileType = sourcecode.swift; path = getTimeStamp.swift; sourceTree = "<group>"; };
		8A24BDCE22828247001C7A8F /* DataInit.swift */ = {isa = PBXFileReference; lastKnownFileType = sourcecode.swift; path = DataInit.swift; sourceTree = "<group>"; };
		8A404748228C541200D3B5E9 /* MapAnnotation.swift */ = {isa = PBXFileReference; lastKnownFileType = sourcecode.swift; path = MapAnnotation.swift; sourceTree = "<group>"; };
		8A40474A228CFA4B00D3B5E9 /* StationTimeTableInit.swift */ = {isa = PBXFileReference; lastKnownFileType = sourcecode.swift; path = StationTimeTableInit.swift; sourceTree = "<group>"; };
		8A40474C228CFAB500D3B5E9 /* TimeTable.swift */ = {isa = PBXFileReference; lastKnownFileType = sourcecode.swift; path = TimeTable.swift; sourceTree = "<group>"; };
		8A49F6C62293D76300749356 /* EnglishStationNameManager.swift */ = {isa = PBXFileReference; lastKnownFileType = sourcecode.swift; path = EnglishStationNameManager.swift; sourceTree = "<group>"; };
		8A49F6C82293DFA500749356 /* GlobalInitializer.swift */ = {isa = PBXFileReference; lastKnownFileType = sourcecode.swift; path = GlobalInitializer.swift; sourceTree = "<group>"; };
		8A49F6CA2293EC1600749356 /* GetLineTextColor.swift */ = {isa = PBXFileReference; lastKnownFileType = sourcecode.swift; path = GetLineTextColor.swift; sourceTree = "<group>"; };
		8A49F6CC2293EEDB00749356 /* GetMinorIconText.swift */ = {isa = PBXFileReference; lastKnownFileType = sourcecode.swift; path = GetMinorIconText.swift; sourceTree = "<group>"; };
		8A565AF5228C01B8004F417F /* Icons */ = {isa = PBXFileReference; lastKnownFileType = folder; path = Icons; sourceTree = "<group>"; };
		8A79523F2282780B007DD187 /* metro-gallery.app */ = {isa = PBXFileReference; explicitFileType = wrapper.application; includeInIndex = 0; path = "metro-gallery.app"; sourceTree = BUILT_PRODUCTS_DIR; };
		8A7952422282780B007DD187 /* AppDelegate.swift */ = {isa = PBXFileReference; lastKnownFileType = sourcecode.swift; path = AppDelegate.swift; sourceTree = "<group>"; };
		8A7952442282780B007DD187 /* MainViewController.swift */ = {isa = PBXFileReference; lastKnownFileType = sourcecode.swift; path = MainViewController.swift; sourceTree = "<group>"; };
		8A79524622827810007DD187 /* Assets.xcassets */ = {isa = PBXFileReference; lastKnownFileType = folder.assetcatalog; path = Assets.xcassets; sourceTree = "<group>"; };
		8A79524B22827810007DD187 /* Info.plist */ = {isa = PBXFileReference; lastKnownFileType = text.plist.xml; path = Info.plist; sourceTree = "<group>"; };
		8A795253228279C9007DD187 /* Line.swift */ = {isa = PBXFileReference; lastKnownFileType = sourcecode.swift; path = Line.swift; sourceTree = "<group>"; };
		8A79525522827ACF007DD187 /* Station.swift */ = {isa = PBXFileReference; lastKnownFileType = sourcecode.swift; path = Station.swift; sourceTree = "<group>"; };
		8A79525822827C99007DD187 /* LineNameGenerator.swift */ = {isa = PBXFileReference; lastKnownFileType = sourcecode.swift; path = LineNameGenerator.swift; sourceTree = "<group>"; };
		8A79525F22827FBE007DD187 /* SuperManager.swift */ = {isa = PBXFileReference; lastKnownFileType = sourcecode.swift; path = SuperManager.swift; sourceTree = "<group>"; };
		8A79D3F5228BA8CF00AE59E7 /* Constants.swift */ = {isa = PBXFileReference; lastKnownFileType = sourcecode.swift; path = Constants.swift; sourceTree = "<group>"; };
		8A79D3F8228BAA0600AE59E7 /* DrawIcon.swift */ = {isa = PBXFileReference; lastKnownFileType = sourcecode.swift; path = DrawIcon.swift; sourceTree = "<group>"; };
		8A79D3FA228BAB2100AE59E7 /* BorderColorGenerator.swift */ = {isa = PBXFileReference; lastKnownFileType = sourcecode.swift; path = BorderColorGenerator.swift; sourceTree = "<group>"; };
		8A79D3FC228BC03300AE59E7 /* StationDataInit.swift */ = {isa = PBXFileReference; lastKnownFileType = sourcecode.swift; path = StationDataInit.swift; sourceTree = "<group>"; };
		8A830894228C0A6D003AD1BE /* RawStationDataInit.swift */ = {isa = PBXFileReference; lastKnownFileType = sourcecode.swift; path = RawStationDataInit.swift; sourceTree = "<group>"; };
		8A830896228C0A7E003AD1BE /* Uri.swift */ = {isa = PBXFileReference; lastKnownFileType = sourcecode.swift; path = Uri.swift; sourceTree = "<group>"; };
		8A964D6A2283C3C400786F65 /* Api.swift */ = {isa = PBXFileReference; lastKnownFileType = sourcecode.swift; path = Api.swift; sourceTree = "<group>"; };
		8A9E25572294DB7C001246A3 /* Localizer.swift */ = {isa = PBXFileReference; lastKnownFileType = sourcecode.swift; path = Localizer.swift; sourceTree = "<group>"; };
		8A9E255A2294DC4B001246A3 /* LocalizationRefreshDelegate.swift */ = {isa = PBXFileReference; lastKnownFileType = sourcecode.swift; path = LocalizationRefreshDelegate.swift; sourceTree = "<group>"; };
		8A9E255C2294E683001246A3 /* MenuWithSeparator.swift */ = {isa = PBXFileReference; lastKnownFileType = sourcecode.swift; path = MenuWithSeparator.swift; sourceTree = "<group>"; };
		8ABBF415228B078D00FEF3EF /* metro-gallery-Bridging-Header.h */ = {isa = PBXFileReference; lastKnownFileType = sourcecode.c.h; path = "metro-gallery-Bridging-Header.h"; sourceTree = "<group>"; };
		8ABBF416228B078E00FEF3EF /* NSColorParser.m */ = {isa = PBXFileReference; lastKnownFileType = sourcecode.c.objc; name = NSColorParser.m; path = "metro-gallery/Utils/NSColorParser.m"; sourceTree = SOURCE_ROOT; };
		8ABFDD1922943E8C00C9F12C /* UILanguageInit.swift */ = {isa = PBXFileReference; lastKnownFileType = sourcecode.swift; path = UILanguageInit.swift; sourceTree = "<group>"; };
		8AC70CFD22941224008CC02B /* PreferencesViewController.swift */ = {isa = PBXFileReference; lastKnownFileType = sourcecode.swift; path = PreferencesViewController.swift; sourceTree = "<group>"; };
		8AC70CFF22941323008CC02B /* MainWindowController.swift */ = {isa = PBXFileReference; lastKnownFileType = sourcecode.swift; path = MainWindowController.swift; sourceTree = "<group>"; };
		8AC70D0222941CF2008CC02B /* UDManager.swift */ = {isa = PBXFileReference; lastKnownFileType = sourcecode.swift; path = UDManager.swift; sourceTree = "<group>"; };
		8AC70D062294246B008CC02B /* LocalizationUtil.swift */ = {isa = PBXFileReference; lastKnownFileType = sourcecode.swift; path = LocalizationUtil.swift; sourceTree = "<group>"; };
		8AC70D0822942746008CC02B /* zh-Hans */ = {isa = PBXFileReference; lastKnownFileType = file.storyboard; name = "zh-Hans"; path = "zh-Hans.lproj/Main.storyboard"; sourceTree = "<group>"; };
		8AC85C6A2283DA5600F9C6B7 /* Alamofire.framework */ = {isa = PBXFileReference; explicitFileType = wrapper.framework; path = Alamofire.framework; sourceTree = BUILT_PRODUCTS_DIR; };
		8AC85C6C2283DA5A00F9C6B7 /* Regex.framework */ = {isa = PBXFileReference; explicitFileType = wrapper.framework; path = Regex.framework; sourceTree = BUILT_PRODUCTS_DIR; };
		8AC85C6E2283DA5D00F9C6B7 /* SwiftyJSON.framework */ = {isa = PBXFileReference; explicitFileType = wrapper.framework; path = SwiftyJSON.framework; sourceTree = BUILT_PRODUCTS_DIR; };
		8AD18DB92296389800944D89 /* OperationStatusManager.swift */ = {isa = PBXFileReference; lastKnownFileType = sourcecode.swift; path = OperationStatusManager.swift; sourceTree = "<group>"; };
		8AD18DBB2296393A00944D89 /* Status.swift */ = {isa = PBXFileReference; lastKnownFileType = sourcecode.swift; path = Status.swift; sourceTree = "<group>"; };
		8AE1B327228D320E00AF9D0F /* JZLocationConverter.swift */ = {isa = PBXFileReference; lastKnownFileType = sourcecode.swift; path = JZLocationConverter.swift; sourceTree = "<group>"; };
		8AE1B329228D323400AF9D0F /* JZAreaManager.swift */ = {isa = PBXFileReference; lastKnownFileType = sourcecode.swift; path = JZAreaManager.swift; sourceTree = "<group>"; };
		8AE1B32D228D341900AF9D0F /* GCJ02.json */ = {isa = PBXFileReference; lastKnownFileType = text.json; name = GCJ02.json; path = "metro-gallery/GCJDecrypt/GCJ02.json"; sourceTree = "<group>"; };
		8AE695C722926B3E001F9944 /* offline-data */ = {isa = PBXFileReference; lastKnownFileType = folder; name = "offline-data"; path = "../offline-data"; sourceTree = "<group>"; };
		8AE695CA2292715A001F9944 /* OfflineStationManager.swift */ = {isa = PBXFileReference; lastKnownFileType = sourcecode.swift; path = OfflineStationManager.swift; sourceTree = "<group>"; };
		8AE695CC2292884E001F9944 /* TimeTableManager.swift */ = {isa = PBXFileReference; lastKnownFileType = sourcecode.swift; path = TimeTableManager.swift; sourceTree = "<group>"; };
		8AE6FEEF228C189000EFB94C /* SimpleStation.swift */ = {isa = PBXFileReference; lastKnownFileType = sourcecode.swift; path = SimpleStation.swift; sourceTree = "<group>"; };
		8AE6FEF2228C389E00EFB94C /* StationDetailViewController.swift */ = {isa = PBXFileReference; lastKnownFileType = sourcecode.swift; path = StationDetailViewController.swift; sourceTree = "<group>"; };
		8AFF38C7228B0CDB001322AF /* SpriteGenerator.swift */ = {isa = PBXFileReference; lastKnownFileType = sourcecode.swift; path = SpriteGenerator.swift; sourceTree = "<group>"; };
		E2F1339913B40804CF145248 /* Pods-metro-gallery.release.xcconfig */ = {isa = PBXFileReference; includeInIndex = 1; lastKnownFileType = text.xcconfig; name = "Pods-metro-gallery.release.xcconfig"; path = "Target Support Files/Pods-metro-gallery/Pods-metro-gallery.release.xcconfig"; sourceTree = "<group>"; };
/* End PBXFileReference section */

/* Begin PBXFrameworksBuildPhase section */
		8A79523C2282780B007DD187 /* Frameworks */ = {
			isa = PBXFrameworksBuildPhase;
			buildActionMask = 2147483647;
			files = (
				8AC85C6F2283DA5D00F9C6B7 /* SwiftyJSON.framework in Frameworks */,
				8AC85C6B2283DA5600F9C6B7 /* Alamofire.framework in Frameworks */,
				CD07B4FF1FD1EE3E1B60F046 /* Pods_metro_gallery.framework in Frameworks */,
			);
			runOnlyForDeploymentPostprocessing = 0;
		};
/* End PBXFrameworksBuildPhase section */

/* Begin PBXGroup section */
		7DDBAED144CD25A069C40EB7 /* Pods */ = {
			isa = PBXGroup;
			children = (
				2302E89BEC5E6CCFB82E65C1 /* Pods-metro-gallery.debug.xcconfig */,
				E2F1339913B40804CF145248 /* Pods-metro-gallery.release.xcconfig */,
			);
			path = Pods;
			sourceTree = "<group>";
		};
		8A24BDCC2282821C001C7A8F /* Init */ = {
			isa = PBXGroup;
			children = (
				8A24BDCE22828247001C7A8F /* DataInit.swift */,
				8A79D3FC228BC03300AE59E7 /* StationDataInit.swift */,
				8A830894228C0A6D003AD1BE /* RawStationDataInit.swift */,
				8A40474A228CFA4B00D3B5E9 /* StationTimeTableInit.swift */,
				8A49F6C82293DFA500749356 /* GlobalInitializer.swift */,
				8ABFDD1922943E8C00C9F12C /* UILanguageInit.swift */,
			);
			path = Init;
			sourceTree = "<group>";
		};
		8A7952362282780B007DD187 = {
			isa = PBXGroup;
			children = (
				8AE695C722926B3E001F9944 /* offline-data */,
				8AE1B32D228D341900AF9D0F /* GCJ02.json */,
				8A7952412282780B007DD187 /* metro-gallery */,
				8A7952402282780B007DD187 /* Products */,
				7DDBAED144CD25A069C40EB7 /* Pods */,
				E26C4D77E2FCD3875A25FFD5 /* Frameworks */,
			);
			sourceTree = "<group>";
		};
		8A7952402282780B007DD187 /* Products */ = {
			isa = PBXGroup;
			children = (
				8A79523F2282780B007DD187 /* metro-gallery.app */,
			);
			name = Products;
			sourceTree = "<group>";
		};
		8A7952412282780B007DD187 /* metro-gallery */ = {
			isa = PBXGroup;
			children = (
				8A9E25592294DC3C001246A3 /* Delegate */,
				8AC70D0522942460008CC02B /* Localization */,
				8AC70D0122941CE5008CC02B /* UserDefaults */,
				8AE1B326228D320000AF9D0F /* GCJDecrypt */,
				8AE6FEF1228C387A00EFB94C /* VC */,
				8A565AF5228C01B8004F417F /* Icons */,
				8A79D3F7228BA9F900AE59E7 /* Shape */,
				8A24BDCC2282821C001C7A8F /* Init */,
				8A79525E22827FB4007DD187 /* Manager */,
				8A79525722827C8B007DD187 /* Utils */,
				8A964D692283C3A900786F65 /* Request */,
				8A795252228279B2007DD187 /* Structure */,
				8A7952422282780B007DD187 /* AppDelegate.swift */,
				8A79524622827810007DD187 /* Assets.xcassets */,
				8A79524822827810007DD187 /* Main.storyboard */,
				8A79524B22827810007DD187 /* Info.plist */,
			);
			path = "metro-gallery";
			sourceTree = "<group>";
		};
		8A795252228279B2007DD187 /* Structure */ = {
			isa = PBXGroup;
			children = (
				8A795253228279C9007DD187 /* Line.swift */,
				8A79525522827ACF007DD187 /* Station.swift */,
				8AE6FEEF228C189000EFB94C /* SimpleStation.swift */,
				8A404748228C541200D3B5E9 /* MapAnnotation.swift */,
				8A40474C228CFAB500D3B5E9 /* TimeTable.swift */,
				8AD18DBB2296393A00944D89 /* Status.swift */,
			);
			path = Structure;
			sourceTree = "<group>";
		};
		8A79525722827C8B007DD187 /* Utils */ = {
			isa = PBXGroup;
			children = (
				8ABBF416228B078E00FEF3EF /* NSColorParser.m */,
				8ABBF415228B078D00FEF3EF /* metro-gallery-Bridging-Header.h */,
				8A79525822827C99007DD187 /* LineNameGenerator.swift */,
				8AFF38C7228B0CDB001322AF /* SpriteGenerator.swift */,
				8A79D3F5228BA8CF00AE59E7 /* Constants.swift */,
				8A49F6CA2293EC1600749356 /* GetLineTextColor.swift */,
				8A49F6CC2293EEDB00749356 /* GetMinorIconText.swift */,
				8A9E255C2294E683001246A3 /* MenuWithSeparator.swift */,
				8A14C2422298016400536405 /* getTimeStamp.swift */,
			);
			path = Utils;
			sourceTree = "<group>";
		};
		8A79525E22827FB4007DD187 /* Manager */ = {
			isa = PBXGroup;
			children = (
				8A79525F22827FBE007DD187 /* SuperManager.swift */,
				8AE695CC2292884E001F9944 /* TimeTableManager.swift */,
				8AE695CA2292715A001F9944 /* OfflineStationManager.swift */,
				8A49F6C62293D76300749356 /* EnglishStationNameManager.swift */,
				8AD18DB92296389800944D89 /* OperationStatusManager.swift */,
			);
			path = Manager;
			sourceTree = "<group>";
		};
		8A79D3F7228BA9F900AE59E7 /* Shape */ = {
			isa = PBXGroup;
			children = (
				8A79D3F8228BAA0600AE59E7 /* DrawIcon.swift */,
				8A79D3FA228BAB2100AE59E7 /* BorderColorGenerator.swift */,
			);
			path = Shape;
			sourceTree = "<group>";
		};
		8A964D692283C3A900786F65 /* Request */ = {
			isa = PBXGroup;
			children = (
				8A964D6A2283C3C400786F65 /* Api.swift */,
				8A830896228C0A7E003AD1BE /* Uri.swift */,
			);
			path = Request;
			sourceTree = "<group>";
		};
		8A9E25592294DC3C001246A3 /* Delegate */ = {
			isa = PBXGroup;
			children = (
				8A9E255A2294DC4B001246A3 /* LocalizationRefreshDelegate.swift */,
			);
			path = Delegate;
			sourceTree = "<group>";
		};
		8AC70D0122941CE5008CC02B /* UserDefaults */ = {
			isa = PBXGroup;
			children = (
				8AC70D0222941CF2008CC02B /* UDManager.swift */,
			);
			path = UserDefaults;
			sourceTree = "<group>";
		};
		8AC70D0522942460008CC02B /* Localization */ = {
			isa = PBXGroup;
			children = (
				8AC70D062294246B008CC02B /* LocalizationUtil.swift */,
				8A9E25572294DB7C001246A3 /* Localizer.swift */,
			);
			path = Localization;
			sourceTree = "<group>";
		};
		8AE1B326228D320000AF9D0F /* GCJDecrypt */ = {
			isa = PBXGroup;
			children = (
				8AE1B327228D320E00AF9D0F /* JZLocationConverter.swift */,
				8AE1B329228D323400AF9D0F /* JZAreaManager.swift */,
			);
			path = GCJDecrypt;
			sourceTree = "<group>";
		};
		8AE6FEF1228C387A00EFB94C /* VC */ = {
			isa = PBXGroup;
			children = (
				8A7952442282780B007DD187 /* MainViewController.swift */,
				8AE6FEF2228C389E00EFB94C /* StationDetailViewController.swift */,
				8AC70CFD22941224008CC02B /* PreferencesViewController.swift */,
				8AC70CFF22941323008CC02B /* MainWindowController.swift */,
			);
			path = VC;
			sourceTree = "<group>";
		};
		E26C4D77E2FCD3875A25FFD5 /* Frameworks */ = {
			isa = PBXGroup;
			children = (
				8AC85C6E2283DA5D00F9C6B7 /* SwiftyJSON.framework */,
				8AC85C6C2283DA5A00F9C6B7 /* Regex.framework */,
				8AC85C6A2283DA5600F9C6B7 /* Alamofire.framework */,
				4DE3BE8C226CBFFE213793D7 /* Pods_metro_gallery.framework */,
			);
			name = Frameworks;
			sourceTree = "<group>";
		};
/* End PBXGroup section */

/* Begin PBXNativeTarget section */
		8A79523E2282780B007DD187 /* metro-gallery */ = {
			isa = PBXNativeTarget;
			buildConfigurationList = 8A79524F22827810007DD187 /* Build configuration list for PBXNativeTarget "metro-gallery" */;
			buildPhases = (
				43C0026B9195850953BFEE58 /* [CP] Check Pods Manifest.lock */,
				8A79523B2282780B007DD187 /* Sources */,
				8A79523C2282780B007DD187 /* Frameworks */,
				8A79523D2282780B007DD187 /* Resources */,
				DB9A492061AC4F78330D8A40 /* [CP] Embed Pods Frameworks */,
				8AF09691228D34DD00E9441A /* CopyFiles */,
			);
			buildRules = (
			);
			dependencies = (
			);
			name = "metro-gallery";
			productName = "metro-gallery";
			productReference = 8A79523F2282780B007DD187 /* metro-gallery.app */;
			productType = "com.apple.product-type.application";
		};
/* End PBXNativeTarget section */

/* Begin PBXProject section */
		8A7952372282780B007DD187 /* Project object */ = {
			isa = PBXProject;
			attributes = {
				LastSwiftUpdateCheck = 1020;
				LastUpgradeCheck = 1200;
				ORGANIZATIONNAME = yuetsin;
				TargetAttributes = {
					8A79523E2282780B007DD187 = {
						CreatedOnToolsVersion = 10.2.1;
						LastSwiftMigration = 1020;
						SystemCapabilities = {
							com.apple.Sandbox = {
								enabled = 0;
							};
						};
					};
				};
			};
			buildConfigurationList = 8A79523A2282780B007DD187 /* Build configuration list for PBXProject "metro-gallery" */;
			compatibilityVersion = "Xcode 9.3";
			developmentRegion = en;
			hasScannedForEncodings = 0;
			knownRegions = (
				en,
				"zh-Hans",
			);
			mainGroup = 8A7952362282780B007DD187;
			productRefGroup = 8A7952402282780B007DD187 /* Products */;
			projectDirPath = "";
			projectRoot = "";
			targets = (
				8A79523E2282780B007DD187 /* metro-gallery */,
			);
		};
/* End PBXProject section */

/* Begin PBXResourcesBuildPhase section */
		8A79523D2282780B007DD187 /* Resources */ = {
			isa = PBXResourcesBuildPhase;
			buildActionMask = 2147483647;
			files = (
				8A565AF6228C01B8004F417F /* Icons in Resources */,
				8A79524722827810007DD187 /* Assets.xcassets in Resources */,
				8A79524A22827810007DD187 /* Main.storyboard in Resources */,
			);
			runOnlyForDeploymentPostprocessing = 0;
		};
/* End PBXResourcesBuildPhase section */

/* Begin PBXShellScriptBuildPhase section */
		43C0026B9195850953BFEE58 /* [CP] Check Pods Manifest.lock */ = {
			isa = PBXShellScriptBuildPhase;
			buildActionMask = 2147483647;
			files = (
			);
			inputFileListPaths = (
			);
			inputPaths = (
				"${PODS_PODFILE_DIR_PATH}/Podfile.lock",
				"${PODS_ROOT}/Manifest.lock",
			);
			name = "[CP] Check Pods Manifest.lock";
			outputFileListPaths = (
			);
			outputPaths = (
				"$(DERIVED_FILE_DIR)/Pods-metro-gallery-checkManifestLockResult.txt",
			);
			runOnlyForDeploymentPostprocessing = 0;
			shellPath = /bin/sh;
			shellScript = "diff \"${PODS_PODFILE_DIR_PATH}/Podfile.lock\" \"${PODS_ROOT}/Manifest.lock\" > /dev/null\nif [ $? != 0 ] ; then\n    # print error to STDERR\n    echo \"error: The sandbox is not in sync with the Podfile.lock. Run 'pod install' or update your CocoaPods installation.\" >&2\n    exit 1\nfi\n# This output is used by Xcode 'outputs' to avoid re-running this script phase.\necho \"SUCCESS\" > \"${SCRIPT_OUTPUT_FILE_0}\"\n";
			showEnvVarsInLog = 0;
		};
		DB9A492061AC4F78330D8A40 /* [CP] Embed Pods Frameworks */ = {
			isa = PBXShellScriptBuildPhase;
			buildActionMask = 2147483647;
			files = (
			);
			inputFileListPaths = (
				"${PODS_ROOT}/Target Support Files/Pods-metro-gallery/Pods-metro-gallery-frameworks-${CONFIGURATION}-input-files.xcfilelist",
			);
			name = "[CP] Embed Pods Frameworks";
			outputFileListPaths = (
				"${PODS_ROOT}/Target Support Files/Pods-metro-gallery/Pods-metro-gallery-frameworks-${CONFIGURATION}-output-files.xcfilelist",
			);
			runOnlyForDeploymentPostprocessing = 0;
			shellPath = /bin/sh;
			shellScript = "\"${PODS_ROOT}/Target Support Files/Pods-metro-gallery/Pods-metro-gallery-frameworks.sh\"\n";
			showEnvVarsInLog = 0;
		};
/* End PBXShellScriptBuildPhase section */

/* Begin PBXSourcesBuildPhase section */
		8A79523B2282780B007DD187 /* Sources */ = {
			isa = PBXSourcesBuildPhase;
			buildActionMask = 2147483647;
			files = (
				8A79D3FD228BC03300AE59E7 /* StationDataInit.swift in Sources */,
				8A9E255B2294DC4B001246A3 /* LocalizationRefreshDelegate.swift in Sources */,
				8AE1B328228D320E00AF9D0F /* JZLocationConverter.swift in Sources */,
				8A79525922827C99007DD187 /* LineNameGenerator.swift in Sources */,
				8ABFDD1A22943E8C00C9F12C /* UILanguageInit.swift in Sources */,
				8AE6FEF0228C189000EFB94C /* SimpleStation.swift in Sources */,
				8A795254228279C9007DD187 /* Line.swift in Sources */,
				8AC70CFE22941224008CC02B /* PreferencesViewController.swift in Sources */,
				8AFF38C8228B0CDB001322AF /* SpriteGenerator.swift in Sources */,
				8A830897228C0A7E003AD1BE /* Uri.swift in Sources */,
				8AE6FEF3228C389E00EFB94C /* StationDetailViewController.swift in Sources */,
				8A79D3F9228BAA0600AE59E7 /* DrawIcon.swift in Sources */,
				8A24BDCF22828247001C7A8F /* DataInit.swift in Sources */,
				8A9E25582294DB7C001246A3 /* Localizer.swift in Sources */,
				8A7952452282780B007DD187 /* MainViewController.swift in Sources */,
				8A9E255D2294E683001246A3 /* MenuWithSeparator.swift in Sources */,
				8AC70D0022941323008CC02B /* MainWindowController.swift in Sources */,
				8AD18DBA2296389800944D89 /* OperationStatusManager.swift in Sources */,
				8A79D3F6228BA8CF00AE59E7 /* Constants.swift in Sources */,
				8A49F6CD2293EEDB00749356 /* GetMinorIconText.swift in Sources */,
				8A79525622827ACF007DD187 /* Station.swift in Sources */,
				8A79D3FB228BAB2100AE59E7 /* BorderColorGenerator.swift in Sources */,
				8AE1B32A228D323400AF9D0F /* JZAreaManager.swift in Sources */,
				8AE695CD2292884E001F9944 /* TimeTableManager.swift in Sources */,
				8A7952432282780B007DD187 /* AppDelegate.swift in Sources */,
				8A14C2432298016400536405 /* getTimeStamp.swift in Sources */,
				8A964D6B2283C3C400786F65 /* Api.swift in Sources */,
				8A49F6C72293D76300749356 /* EnglishStationNameManager.swift in Sources */,
				8ABBF417228B078E00FEF3EF /* NSColorParser.m in Sources */,
				8AC70D072294246B008CC02B /* LocalizationUtil.swift in Sources */,
				8A40474D228CFAB500D3B5E9 /* TimeTable.swift in Sources */,
				8A49F6CB2293EC1600749356 /* GetLineTextColor.swift in Sources */,
				8A830895228C0A6D003AD1BE /* RawStationDataInit.swift in Sources */,
				8A404749228C541200D3B5E9 /* MapAnnotation.swift in Sources */,
				8A40474B228CFA4B00D3B5E9 /* StationTimeTableInit.swift in Sources */,
				8A49F6C92293DFA500749356 /* GlobalInitializer.swift in Sources */,
				8AD18DBC2296393A00944D89 /* Status.swift in Sources */,
				8AE695CB2292715A001F9944 /* OfflineStationManager.swift in Sources */,
				8AC70D0322941CF2008CC02B /* UDManager.swift in Sources */,
				8A79526022827FBE007DD187 /* SuperManager.swift in Sources */,
			);
			runOnlyForDeploymentPostprocessing = 0;
		};
/* End PBXSourcesBuildPhase section */

/* Begin PBXVariantGroup section */
		8A79524822827810007DD187 /* Main.storyboard */ = {
			isa = PBXVariantGroup;
			children = (
				8AC70D0822942746008CC02B /* zh-Hans */,
			);
			name = Main.storyboard;
			sourceTree = "<group>";
		};
/* End PBXVariantGroup section */

/* Begin XCBuildConfiguration section */
		8A79524D22827810007DD187 /* Debug */ = {
			isa = XCBuildConfiguration;
			buildSettings = {
				ALWAYS_SEARCH_USER_PATHS = NO;
				CLANG_ANALYZER_LOCALIZABILITY_NONLOCALIZED = YES;
				CLANG_ANALYZER_NONNULL = YES;
				CLANG_ANALYZER_NUMBER_OBJECT_CONVERSION = YES_AGGRESSIVE;
				CLANG_CXX_LANGUAGE_STANDARD = "gnu++14";
				CLANG_CXX_LIBRARY = "libc++";
				CLANG_ENABLE_MODULES = YES;
				CLANG_ENABLE_OBJC_ARC = YES;
				CLANG_ENABLE_OBJC_WEAK = YES;
				CLANG_WARN_BLOCK_CAPTURE_AUTORELEASING = YES;
				CLANG_WARN_BOOL_CONVERSION = YES;
				CLANG_WARN_COMMA = YES;
				CLANG_WARN_CONSTANT_CONVERSION = YES;
				CLANG_WARN_DEPRECATED_OBJC_IMPLEMENTATIONS = YES;
				CLANG_WARN_DIRECT_OBJC_ISA_USAGE = YES_ERROR;
				CLANG_WARN_DOCUMENTATION_COMMENTS = YES;
				CLANG_WARN_EMPTY_BODY = YES;
				CLANG_WARN_ENUM_CONVERSION = YES;
				CLANG_WARN_INFINITE_RECURSION = YES;
				CLANG_WARN_INT_CONVERSION = YES;
				CLANG_WARN_NON_LITERAL_NULL_CONVERSION = YES;
				CLANG_WARN_OBJC_IMPLICIT_RETAIN_SELF = YES;
				CLANG_WARN_OBJC_LITERAL_CONVERSION = YES;
				CLANG_WARN_OBJC_ROOT_CLASS = YES_ERROR;
				CLANG_WARN_QUOTED_INCLUDE_IN_FRAMEWORK_HEADER = YES;
				CLANG_WARN_RANGE_LOOP_ANALYSIS = YES;
				CLANG_WARN_STRICT_PROTOTYPES = YES;
				CLANG_WARN_SUSPICIOUS_MOVE = YES;
				CLANG_WARN_UNGUARDED_AVAILABILITY = YES_AGGRESSIVE;
				CLANG_WARN_UNREACHABLE_CODE = YES;
				CLANG_WARN__DUPLICATE_METHOD_MATCH = YES;
				CODE_SIGN_IDENTITY = "-";
				CODE_SIGN_INJECT_BASE_ENTITLEMENTS = NO;
				COPY_PHASE_STRIP = NO;
				DEBUG_INFORMATION_FORMAT = dwarf;
				ENABLE_STRICT_OBJC_MSGSEND = YES;
				ENABLE_TESTABILITY = YES;
				GCC_C_LANGUAGE_STANDARD = gnu11;
				GCC_DYNAMIC_NO_PIC = NO;
				GCC_NO_COMMON_BLOCKS = YES;
				GCC_OPTIMIZATION_LEVEL = 0;
				GCC_PREPROCESSOR_DEFINITIONS = (
					"DEBUG=1",
					"$(inherited)",
				);
				GCC_WARN_64_TO_32_BIT_CONVERSION = YES;
				GCC_WARN_ABOUT_RETURN_TYPE = YES_ERROR;
				GCC_WARN_UNDECLARED_SELECTOR = YES;
				GCC_WARN_UNINITIALIZED_AUTOS = YES_AGGRESSIVE;
				GCC_WARN_UNUSED_FUNCTION = YES;
				GCC_WARN_UNUSED_VARIABLE = YES;
				MACOSX_DEPLOYMENT_TARGET = 10.12;
				MTL_ENABLE_DEBUG_INFO = INCLUDE_SOURCE;
				MTL_FAST_MATH = YES;
				ONLY_ACTIVE_ARCH = YES;
				SDKROOT = macosx;
				SWIFT_ACTIVE_COMPILATION_CONDITIONS = DEBUG;
				SWIFT_OPTIMIZATION_LEVEL = "-Onone";
			};
			name = Debug;
		};
		8A79524E22827810007DD187 /* Release */ = {
			isa = XCBuildConfiguration;
			buildSettings = {
				ALWAYS_SEARCH_USER_PATHS = NO;
				CLANG_ANALYZER_LOCALIZABILITY_NONLOCALIZED = YES;
				CLANG_ANALYZER_NONNULL = YES;
				CLANG_ANALYZER_NUMBER_OBJECT_CONVERSION = YES_AGGRESSIVE;
				CLANG_CXX_LANGUAGE_STANDARD = "gnu++14";
				CLANG_CXX_LIBRARY = "libc++";
				CLANG_ENABLE_MODULES = YES;
				CLANG_ENABLE_OBJC_ARC = YES;
				CLANG_ENABLE_OBJC_WEAK = YES;
				CLANG_WARN_BLOCK_CAPTURE_AUTORELEASING = YES;
				CLANG_WARN_BOOL_CONVERSION = YES;
				CLANG_WARN_COMMA = YES;
				CLANG_WARN_CONSTANT_CONVERSION = YES;
				CLANG_WARN_DEPRECATED_OBJC_IMPLEMENTATIONS = YES;
				CLANG_WARN_DIRECT_OBJC_ISA_USAGE = YES_ERROR;
				CLANG_WARN_DOCUMENTATION_COMMENTS = YES;
				CLANG_WARN_EMPTY_BODY = YES;
				CLANG_WARN_ENUM_CONVERSION = YES;
				CLANG_WARN_INFINITE_RECURSION = YES;
				CLANG_WARN_INT_CONVERSION = YES;
				CLANG_WARN_NON_LITERAL_NULL_CONVERSION = YES;
				CLANG_WARN_OBJC_IMPLICIT_RETAIN_SELF = YES;
				CLANG_WARN_OBJC_LITERAL_CONVERSION = YES;
				CLANG_WARN_OBJC_ROOT_CLASS = YES_ERROR;
				CLANG_WARN_QUOTED_INCLUDE_IN_FRAMEWORK_HEADER = YES;
				CLANG_WARN_RANGE_LOOP_ANALYSIS = YES;
				CLANG_WARN_STRICT_PROTOTYPES = YES;
				CLANG_WARN_SUSPICIOUS_MOVE = YES;
				CLANG_WARN_UNGUARDED_AVAILABILITY = YES_AGGRESSIVE;
				CLANG_WARN_UNREACHABLE_CODE = YES;
				CLANG_WARN__DUPLICATE_METHOD_MATCH = YES;
				CODE_SIGN_IDENTITY = "-";
				CODE_SIGN_INJECT_BASE_ENTITLEMENTS = NO;
				COPY_PHASE_STRIP = NO;
				DEBUG_INFORMATION_FORMAT = "dwarf-with-dsym";
				ENABLE_NS_ASSERTIONS = NO;
				ENABLE_STRICT_OBJC_MSGSEND = YES;
				GCC_C_LANGUAGE_STANDARD = gnu11;
				GCC_NO_COMMON_BLOCKS = YES;
				GCC_WARN_64_TO_32_BIT_CONVERSION = YES;
				GCC_WARN_ABOUT_RETURN_TYPE = YES_ERROR;
				GCC_WARN_UNDECLARED_SELECTOR = YES;
				GCC_WARN_UNINITIALIZED_AUTOS = YES_AGGRESSIVE;
				GCC_WARN_UNUSED_FUNCTION = YES;
				GCC_WARN_UNUSED_VARIABLE = YES;
				MACOSX_DEPLOYMENT_TARGET = 10.12;
				MTL_ENABLE_DEBUG_INFO = NO;
				MTL_FAST_MATH = YES;
				SDKROOT = macosx;
				SWIFT_COMPILATION_MODE = wholemodule;
				SWIFT_OPTIMIZATION_LEVEL = "-O";
			};
			name = Release;
		};
		8A79525022827810007DD187 /* Debug */ = {
			isa = XCBuildConfiguration;
			baseConfigurationReference = 2302E89BEC5E6CCFB82E65C1 /* Pods-metro-gallery.debug.xcconfig */;
			buildSettings = {
				ASSETCATALOG_COMPILER_APPICON_NAME = AppIcon;
				CLANG_ENABLE_MODULES = YES;
				CODE_SIGN_IDENTITY = "-";
				CODE_SIGN_STYLE = Manual;
				COMBINE_HIDPI_IMAGES = YES;
				DEVELOPMENT_TEAM = "";
				INFOPLIST_FILE = "metro-gallery/Info.plist";
				LD_RUNPATH_SEARCH_PATHS = (
					"$(inherited)",
					"@executable_path/../Frameworks",
				);
				MACOSX_DEPLOYMENT_TARGET = 10.12;
				PRODUCT_BUNDLE_IDENTIFIER = "io.github.yuetsin.metro-gallery";
				PRODUCT_NAME = "$(TARGET_NAME)";
				PROVISIONING_PROFILE_SPECIFIER = "";
				SWIFT_OBJC_BRIDGING_HEADER = "metro-gallery/Utils/metro-gallery-Bridging-Header.h";
				SWIFT_OPTIMIZATION_LEVEL = "-Onone";
				SWIFT_VERSION = 5.0;
			};
			name = Debug;
		};
		8A79525122827810007DD187 /* Release */ = {
			isa = XCBuildConfiguration;
			baseConfigurationReference = E2F1339913B40804CF145248 /* Pods-metro-gallery.release.xcconfig */;
			buildSettings = {
				ASSETCATALOG_COMPILER_APPICON_NAME = AppIcon;
				CLANG_ENABLE_MODULES = YES;
				CODE_SIGN_IDENTITY = "-";
				CODE_SIGN_STYLE = Manual;
				COMBINE_HIDPI_IMAGES = YES;
				DEVELOPMENT_TEAM = "";
				INFOPLIST_FILE = "metro-gallery/Info.plist";
				LD_RUNPATH_SEARCH_PATHS = (
					"$(inherited)",
					"@executable_path/../Frameworks",
				);
				MACOSX_DEPLOYMENT_TARGET = 10.12;
				PRODUCT_BUNDLE_IDENTIFIER = "io.github.yuetsin.metro-gallery";
				PRODUCT_NAME = "$(TARGET_NAME)";
				PROVISIONING_PROFILE_SPECIFIER = "";
				SDKROOT = macosx;
				SWIFT_OBJC_BRIDGING_HEADER = "metro-gallery/Utils/metro-gallery-Bridging-Header.h";
				SWIFT_VERSION = 5.0;
			};
			name = Release;
		};
/* End XCBuildConfiguration section */

/* Begin XCConfigurationList section */
		8A79523A2282780B007DD187 /* Build configuration list for PBXProject "metro-gallery" */ = {
			isa = XCConfigurationList;
			buildConfigurations = (
				8A79524D22827810007DD187 /* Debug */,
				8A79524E22827810007DD187 /* Release */,
			);
			defaultConfigurationIsVisible = 0;
			defaultConfigurationName = Release;
		};
		8A79524F22827810007DD187 /* Build configuration list for PBXNativeTarget "metro-gallery" */ = {
			isa = XCConfigurationList;
			buildConfigurations = (
				8A79525022827810007DD187 /* Debug */,
				8A79525122827810007DD187 /* Release */,
			);
			defaultConfigurationIsVisible = 0;
			defaultConfigurationName = Release;
		};
/* End XCConfigurationList section */
	};
	rootObject = 8A7952372282780B007DD187 /* Project object */;
}
